{
  "version": 4,
  "terraform_version": "1.2.8",
  "serial": 47,
  "lineage": "ae7d2ecb-c530-9dce-6ede-3975db3d9afe",
  "outputs": {},
  "resources": [
    {
      "mode": "managed",
      "type": "local_file",
      "name": "bin_dir",
      "provider": "provider[\"registry.terraform.io/hashicorp/local\"]",
      "instances": [
        {
          "schema_version": 0,
          "attributes": {
            "content": "/terraform/test/stages/test_bin_dir",
            "content_base64": null,
            "directory_permission": "0777",
            "file_permission": "0777",
            "filename": "/terraform/test/stages/.bin_dir",
            "id": "f8c9ef98918753551650ce6b14aee92f8ee6a359",
            "sensitive_content": null,
            "source": null
          },
          "sensitive_attributes": [],
          "private": "bnVsbA==",
          "dependencies": [
            "module.setup_test_clis.data.external.setup-binaries",
            "module.setup_test_clis.null_resource.print",
            "module.setup_test_clis.random_string.uuid"
          ]
        }
      ]
    },
    {
      "mode": "managed",
      "type": "null_resource",
      "name": "gitops_output",
      "provider": "provider[\"registry.terraform.io/hashicorp/null\"]",
      "instances": [
        {
          "schema_version": 0,
          "attributes": {
            "id": "5743403279781052486",
            "triggers": null
          },
          "sensitive_attributes": [],
          "private": "bnVsbA==",
          "dependencies": [
            "module.cert.tls_private_key.generated_key",
            "module.cert.tls_self_signed_cert.cert",
            "module.gitops.module.gitops-repo.data.external.repo_info",
            "module.gitops.module.gitops-repo.module.setup_clis.data.external.setup-binaries",
            "module.gitops.module.gitops-repo.module.setup_clis.null_resource.print",
            "module.gitops.module.gitops-repo.module.setup_clis.random_string.uuid",
            "module.gitops.module.gitops-repo.null_resource.repo",
            "module.gitops.module.gitops-repo.random_id.module_uuid",
            "module.gitops.module.setup_clis.data.external.setup-binaries",
            "module.gitops.module.setup_clis.null_resource.print",
            "module.gitops.module.setup_clis.random_string.uuid",
            "module.gitops.null_resource.initialize_gitops"
          ]
        }
      ]
    },
    {
      "mode": "managed",
      "type": "null_resource",
      "name": "output_kubeconfig",
      "provider": "provider[\"registry.terraform.io/hashicorp/null\"]",
      "instances": [
        {
          "schema_version": 0,
          "attributes": {
            "id": "2596220764228855853",
            "triggers": null
          },
          "sensitive_attributes": [],
          "private": "bnVsbA==",
          "dependencies": [
            "module.dev_cluster.data.external.cluster_info",
            "module.dev_cluster.data.external.ibmcloud_login",
            "module.dev_cluster.data.external.oc_login",
            "module.dev_cluster.module.setup_clis.data.external.setup-binaries",
            "module.dev_cluster.module.setup_clis.null_resource.print",
            "module.dev_cluster.module.setup_clis.random_string.uuid"
          ]
        }
      ]
    },
    {
      "mode": "managed",
      "type": "null_resource",
      "name": "write_namespace",
      "provider": "provider[\"registry.terraform.io/hashicorp/null\"]",
      "instances": []
    },
    {
      "mode": "managed",
      "type": "null_resource",
      "name": "write_outputs",
      "provider": "provider[\"registry.terraform.io/hashicorp/null\"]",
      "instances": []
    },
    {
      "module": "module.cert",
      "mode": "managed",
      "type": "tls_private_key",
      "name": "generated_key",
      "provider": "provider[\"registry.terraform.io/hashicorp/tls\"]",
      "instances": [
        {
          "schema_version": 1,
          "attributes": {
            "algorithm": "RSA",
            "ecdsa_curve": "P224",
            "id": "0c0c4402c5b53cc33ecb867e67eab06f0d3fb8ec",
            "private_key_openssh": "-----BEGIN OPENSSH PRIVATE KEY-----\nb3BlbnNzaC1rZXktdjEAAAAABG5vbmUAAAAEbm9uZQAAAAAAAAABAAACFwAAAAdz\nc2gtcnNhAAAAAwEAAQAAAgEAtI7OQsZEiSK2x1W7wUke0+adH0xoMpmEV9M7BbeX\nznThYeYF2kT200nW8Mh+y4SXjEkNlXFbU6fpa9h2KYaMUoPa7JGBplKWIwV7U/tv\ndatx6kBEut+2bTFztxPl2nOZZUBo6VywBpkGP14JknzOyIHFDBLgTrHl2qUt2La6\n4UWdHGcz3cJE6rVRRW2nOFbyZmhaqTyYmW1a8gCKvG9x2GhheJXeyB5BTXR32LFU\n3PM0XEYMS5IuFwBfaXE/e7go5vtCOZoMUBDJz6MrFdRBbnQyPQ0ETYDic/5Hvanm\nFKL8kw6BVFQWYMdTGx4pLKZ/hPrAHoOereT2Y7JTb/1DAckCBt9ropFL3XUkZkL6\nbfu9OwwPTVbSQL3+vV48B0Mbr7F2jxTjH3Nj97Hp9VotxFmSnoAQU1473TgpnwY6\nR1OpHuAe+sx6osukhY3sfBsmD6TM6BnO4MBVlmp+Cn0hQvEAueQ6ug5eazRznGue\njxI2egAguxdlGjFvJSIptwqDMaJEoK+4jyKAdngTeiOCh/gDXIap7bvGL/JdAF8P\nwZk+/dkBefgm5CZFffG/8Q17iS1oJ7bE5iRR77upzDcKpS2gLxTkBHodtSL8t8z2\nrMIy7hqbuW/AqFQAjIY1bgvyLxf+Hz23JBIfgZRncH2cBPqifr6hdb6ZTmRE8Dpj\nHSUAAAc4syPms7Mj5rMAAAAHc3NoLXJzYQAAAgEAtI7OQsZEiSK2x1W7wUke0+ad\nH0xoMpmEV9M7BbeXznThYeYF2kT200nW8Mh+y4SXjEkNlXFbU6fpa9h2KYaMUoPa\n7JGBplKWIwV7U/tvdatx6kBEut+2bTFztxPl2nOZZUBo6VywBpkGP14JknzOyIHF\nDBLgTrHl2qUt2La64UWdHGcz3cJE6rVRRW2nOFbyZmhaqTyYmW1a8gCKvG9x2Ghh\neJXeyB5BTXR32LFU3PM0XEYMS5IuFwBfaXE/e7go5vtCOZoMUBDJz6MrFdRBbnQy\nPQ0ETYDic/5HvanmFKL8kw6BVFQWYMdTGx4pLKZ/hPrAHoOereT2Y7JTb/1DAckC\nBt9ropFL3XUkZkL6bfu9OwwPTVbSQL3+vV48B0Mbr7F2jxTjH3Nj97Hp9VotxFmS\nnoAQU1473TgpnwY6R1OpHuAe+sx6osukhY3sfBsmD6TM6BnO4MBVlmp+Cn0hQvEA\nueQ6ug5eazRznGuejxI2egAguxdlGjFvJSIptwqDMaJEoK+4jyKAdngTeiOCh/gD\nXIap7bvGL/JdAF8PwZk+/dkBefgm5CZFffG/8Q17iS1oJ7bE5iRR77upzDcKpS2g\nLxTkBHodtSL8t8z2rMIy7hqbuW/AqFQAjIY1bgvyLxf+Hz23JBIfgZRncH2cBPqi\nfr6hdb6ZTmRE8DpjHSUAAAADAQABAAACABdIbvqXXJEeg9lSieKTzkDe9RXrIWic\n+T7mAy9qjE3YLpQUOF78E6QNWoU0JX2S/IPfi7vgoTk5ZtU8VYhnTEL7s8hbvw82\niRu9AjlDLA1NbWQao4JBhOGxxc0u6K3xyC8RTjYBeMVxCCg1tSBJrdSXP1SePoSH\nVi+Kq03Nym1wL6FRAZQwD/kAJpnAWRbfx2RDQqWeJcNrIZYhUcKY0GJqm18UXGUL\n2bnmMeoke9/+EJtxgPZhxEW9C5CqRNhsWAHpFpIc9keA0rVOwiiPdVyL6UqMGijw\nXMM+X/vqI7w3hEBmV3ELYtNaALJ3gjG6yqjYONv2dwjPhKI4hZ/kVbZ2sqaauan8\nZ8eNYSW4x9YxGxwmi6A9ttOEhqQ9vjSrSP7HysqGe5U2vfRFyjeFVHDDvuuIOlfI\nDFyMRR23OCzvcDDzytDvZzo9n+EAjj9alU0H5Q2n1PwYBjsBDO0TtYG8f5ZuQe1d\nppws8aah76AjoLDzsue+WQUYXqJnq1QV+xR64T1h7ekXL/Uvo9znxogBAPODewCp\nkPKVs3RV4waTH0xSPRTmUAXsZNE7VOU6pOFJKik/V3IXwMidx2Kkh0YrVwaSmZeJ\niwozpL4+XW9/r/RPS5h1ULx7mXD2DKCzPOGmHfLyoQ4bSpWrbJKeQ/zlx0Be9YYF\n4P8LrQbEY9UFAAABAQCyBkpgrjskp57LpVdlZMOHz6Frmx78hzPKs+xaG7dSegmO\nGqXy0ltnHhykvQLi5lzTJfcAGCBM/KdrWnGONc/kOFDabZqUR3/CGuzg9jdy5RiB\nbmXp8ZMJwoi7H/lMnN7MFPd2ZwslOXIeXhk52jDPyYu99e8H25xevyJ5Zmnn7VUP\n0gwPH6Zm4/CsL+c204G0oBoSn2cWa+EBfotfbG14M/TNvHDoJoTrC1g2vbDB3ypX\nWn6pc39JB0g8BxJqGkdvmrwNPC/vVEgd4MypAB+QJlR9ioSuY+IsulJtpYGju4xj\nSTJYV/3HfV1c7/3zHvOoL3AT3jGHgpm5yYktX6hHAAABAQDMNfIN/uKWwp8ysg1i\n3T+cuKbPWmmNGHH4xRCtzrqfeoaOhv+AxzdZ7qSua+PupDiSEn3zB4z7Buhnm5aF\n14SvGixA3+ijyrikeLll56Anc5+dfT5hmxUt4E1cl/nlFg0YAu6MbeI95x0POCQe\nAjC6jSkUf5O9gLdpfujBWKfKFU0M+8yxxjrDshId7TkUfJ9Z/guK/cdyp+oV5OUy\n5k73NNK5tGWJJVdl0td4lVd3exnPbK5ogLzfxltMXZ4eXfugn1EMfRcPd6IlMZdo\nc/rONgvK7JhmXMuYL6OtetQGdbSEr5IzyMGcIFj4jR/FN9WJA1a7JoF/9rA5LIC+\nQ+THAAABAQDiWTvxvRBARql9SIpvj6/P0TISAFLzSObAUCiSqpk0Az69xcc3l9dt\nyXIKaiBWbLw2BCmqFp5EygGrdPtf8jCGSuZDaD8TYwNr1w0PO3qZAy2fOXEq1tSZ\nUx1lBXlbDDoO3xxCIV6wNJtfu2ByA6mzscfGhpqySspmKcSIYuyeRQuCisQ0X3jW\n2mBdoa26X4zYhDms3drXM2mOX98IMaxdlUHTQVo+0DoSTjCSPpss0tjnb2PQMvjq\nTuxqsW8ydKk6sYETwbWNta60CJAL8hV9YT4PGpVNFmF218TYMjQASeTmvnLZSB5K\n9fNyEolXaEzVnKr18V37mQw65+TTEqqzAAAAAAEC\n-----END OPENSSH PRIVATE KEY-----\n",
            "private_key_pem": "-----BEGIN RSA PRIVATE KEY-----\nMIIJKQIBAAKCAgEAtI7OQsZEiSK2x1W7wUke0+adH0xoMpmEV9M7BbeXznThYeYF\n2kT200nW8Mh+y4SXjEkNlXFbU6fpa9h2KYaMUoPa7JGBplKWIwV7U/tvdatx6kBE\nut+2bTFztxPl2nOZZUBo6VywBpkGP14JknzOyIHFDBLgTrHl2qUt2La64UWdHGcz\n3cJE6rVRRW2nOFbyZmhaqTyYmW1a8gCKvG9x2GhheJXeyB5BTXR32LFU3PM0XEYM\nS5IuFwBfaXE/e7go5vtCOZoMUBDJz6MrFdRBbnQyPQ0ETYDic/5HvanmFKL8kw6B\nVFQWYMdTGx4pLKZ/hPrAHoOereT2Y7JTb/1DAckCBt9ropFL3XUkZkL6bfu9OwwP\nTVbSQL3+vV48B0Mbr7F2jxTjH3Nj97Hp9VotxFmSnoAQU1473TgpnwY6R1OpHuAe\n+sx6osukhY3sfBsmD6TM6BnO4MBVlmp+Cn0hQvEAueQ6ug5eazRznGuejxI2egAg\nuxdlGjFvJSIptwqDMaJEoK+4jyKAdngTeiOCh/gDXIap7bvGL/JdAF8PwZk+/dkB\nefgm5CZFffG/8Q17iS1oJ7bE5iRR77upzDcKpS2gLxTkBHodtSL8t8z2rMIy7hqb\nuW/AqFQAjIY1bgvyLxf+Hz23JBIfgZRncH2cBPqifr6hdb6ZTmRE8DpjHSUCAwEA\nAQKCAgAXSG76l1yRHoPZUonik85A3vUV6yFonPk+5gMvaoxN2C6UFDhe/BOkDVqF\nNCV9kvyD34u74KE5OWbVPFWIZ0xC+7PIW78PNokbvQI5QywNTW1kGqOCQYThscXN\nLuit8cgvEU42AXjFcQgoNbUgSa3Ulz9Unj6Eh1YviqtNzcptcC+hUQGUMA/5ACaZ\nwFkW38dkQ0KlniXDayGWIVHCmNBiaptfFFxlC9m55jHqJHvf/hCbcYD2YcRFvQuQ\nqkTYbFgB6RaSHPZHgNK1TsIoj3Vci+lKjBoo8FzDPl/76iO8N4RAZldxC2LTWgCy\nd4Ixusqo2Djb9ncIz4SiOIWf5FW2drKmmrmp/GfHjWEluMfWMRscJougPbbThIak\nPb40q0j+x8rKhnuVNr30Rco3hVRww77riDpXyAxcjEUdtzgs73Aw88rQ72c6PZ/h\nAI4/WpVNB+UNp9T8GAY7AQztE7WBvH+WbkHtXaacLPGmoe+gI6Cw87LnvlkFGF6i\nZ6tUFfsUeuE9Ye3pFy/1L6Pc58aIAQDzg3sAqZDylbN0VeMGkx9MUj0U5lAF7GTR\nO1TlOqThSSopP1dyF8DIncdipIdGK1cGkpmXiYsKM6S+Pl1vf6/0T0uYdVC8e5lw\n9gygszzhph3y8qEOG0qVq2ySnkP85cdAXvWGBeD/C60GxGPVBQKCAQEAzDXyDf7i\nlsKfMrINYt0/nLimz1ppjRhx+MUQrc66n3qGjob/gMc3We6krmvj7qQ4khJ98weM\n+wboZ5uWhdeErxosQN/oo8q4pHi5ZeegJ3OfnX0+YZsVLeBNXJf55RYNGALujG3i\nPecdDzgkHgIwuo0pFH+TvYC3aX7owVinyhVNDPvMscY6w7ISHe05FHyfWf4Liv3H\ncqfqFeTlMuZO9zTSubRliSVXZdLXeJVXd3sZz2yuaIC838ZbTF2eHl37oJ9RDH0X\nD3eiJTGXaHP6zjYLyuyYZlzLmC+jrXrUBnW0hK+SM8jBnCBY+I0fxTfViQNWuyaB\nf/awOSyAvkPkxwKCAQEA4lk78b0QQEapfUiKb4+vz9EyEgBS80jmwFAokqqZNAM+\nvcXHN5fXbclyCmogVmy8NgQpqhaeRMoBq3T7X/IwhkrmQ2g/E2MDa9cNDzt6mQMt\nnzlxKtbUmVMdZQV5Www6Dt8cQiFesDSbX7tgcgOps7HHxoaaskrKZinEiGLsnkUL\ngorENF941tpgXaGtul+M2IQ5rN3a1zNpjl/fCDGsXZVB00FaPtA6Ek4wkj6bLNLY\n529j0DL46k7sarFvMnSpOrGBE8G1jbWutAiQC/IVfWE+DxqVTRZhdtfE2DI0AEnk\n5r5y2UgeSvXzchKJV2hM1Zyq9fFd+5kMOufk0xKqswKCAQEAoT0O7CIOgv8UeBDC\nJQeQjIv3mc1HfhKJGuVub+3EyNsTl0HcR7AEckvNV7L0e57K0/sp21Rg6mvf4L6m\nsPMkXqWJv4eLxpfwBl0T9fRXLg9LPix/rs2mgVyTeMK+mzU4DXdzJwo0ErCC71ti\nmRcdpo6Cmx7IZl5Vc0SzPsZjZVpARjoiu1NLXu0hBOQjp5tmrsW6E3qhmlQerj7X\nAcN7IhFhOSPI7+q+ATXiz+EK+NoH3RFw/C558y5JNBjPGicW4RIqCnRSWvIY4skv\nRVgd9egSk50QD/LBBl7HG9jZxGf3qrR9+clPpZic51N2fF/DiLVMK+URZxo+tkX/\nOTueTQKCAQA/0KK64+/p/0IXxVTqYRtTPwqb0qWQW7Ra8f6OYzSwWl3dCR7CiLe/\nBzV0xDj7xMpHfGL2xku23zEbUu7wPQr7QbCrvn9SCu9S/x16du14qFG7e2lxh4IG\n/EzkR2fQiKDxwmtoJZpZmWtY0S4+1tOIiw3k5dxFehqYNRxoy2MkuBinpFHu5h/e\ni1Dx9PxS+E9wV88e8qmZVLBk6Jir6b1L4SHe2qUD4pcMxCijgq0jNQrcLSZ583UE\nMl4rMn1EP2na12Kp3EpAesGXlnZuN8FhSQJDJd6EDlRKOkkQHw9UKYE0oOsmYVPR\nFIifV6SLFSfcbcAxeOxjW+H71ZdI/xFLAoIBAQCyBkpgrjskp57LpVdlZMOHz6Fr\nmx78hzPKs+xaG7dSegmOGqXy0ltnHhykvQLi5lzTJfcAGCBM/KdrWnGONc/kOFDa\nbZqUR3/CGuzg9jdy5RiBbmXp8ZMJwoi7H/lMnN7MFPd2ZwslOXIeXhk52jDPyYu9\n9e8H25xevyJ5Zmnn7VUP0gwPH6Zm4/CsL+c204G0oBoSn2cWa+EBfotfbG14M/TN\nvHDoJoTrC1g2vbDB3ypXWn6pc39JB0g8BxJqGkdvmrwNPC/vVEgd4MypAB+QJlR9\nioSuY+IsulJtpYGju4xjSTJYV/3HfV1c7/3zHvOoL3AT3jGHgpm5yYktX6hH\n-----END RSA PRIVATE KEY-----\n",
            "private_key_pem_pkcs8": "-----BEGIN PRIVATE KEY-----\nMIIJQwIBADANBgkqhkiG9w0BAQEFAASCCS0wggkpAgEAAoICAQC0js5CxkSJIrbH\nVbvBSR7T5p0fTGgymYRX0zsFt5fOdOFh5gXaRPbTSdbwyH7LhJeMSQ2VcVtTp+lr\n2HYphoxSg9rskYGmUpYjBXtT+291q3HqQES637ZtMXO3E+Xac5llQGjpXLAGmQY/\nXgmSfM7IgcUMEuBOseXapS3YtrrhRZ0cZzPdwkTqtVFFbac4VvJmaFqpPJiZbVry\nAIq8b3HYaGF4ld7IHkFNdHfYsVTc8zRcRgxLki4XAF9pcT97uCjm+0I5mgxQEMnP\noysV1EFudDI9DQRNgOJz/ke9qeYUovyTDoFUVBZgx1MbHikspn+E+sAeg56t5PZj\nslNv/UMByQIG32uikUvddSRmQvpt+707DA9NVtJAvf69XjwHQxuvsXaPFOMfc2P3\nsen1Wi3EWZKegBBTXjvdOCmfBjpHU6ke4B76zHqiy6SFjex8GyYPpMzoGc7gwFWW\nan4KfSFC8QC55Dq6Dl5rNHOca56PEjZ6ACC7F2UaMW8lIim3CoMxokSgr7iPIoB2\neBN6I4KH+ANchqntu8Yv8l0AXw/BmT792QF5+CbkJkV98b/xDXuJLWgntsTmJFHv\nu6nMNwqlLaAvFOQEeh21Ivy3zPaswjLuGpu5b8CoVACMhjVuC/IvF/4fPbckEh+B\nlGdwfZwE+qJ+vqF1vplOZETwOmMdJQIDAQABAoICABdIbvqXXJEeg9lSieKTzkDe\n9RXrIWic+T7mAy9qjE3YLpQUOF78E6QNWoU0JX2S/IPfi7vgoTk5ZtU8VYhnTEL7\ns8hbvw82iRu9AjlDLA1NbWQao4JBhOGxxc0u6K3xyC8RTjYBeMVxCCg1tSBJrdSX\nP1SePoSHVi+Kq03Nym1wL6FRAZQwD/kAJpnAWRbfx2RDQqWeJcNrIZYhUcKY0GJq\nm18UXGUL2bnmMeoke9/+EJtxgPZhxEW9C5CqRNhsWAHpFpIc9keA0rVOwiiPdVyL\n6UqMGijwXMM+X/vqI7w3hEBmV3ELYtNaALJ3gjG6yqjYONv2dwjPhKI4hZ/kVbZ2\nsqaauan8Z8eNYSW4x9YxGxwmi6A9ttOEhqQ9vjSrSP7HysqGe5U2vfRFyjeFVHDD\nvuuIOlfIDFyMRR23OCzvcDDzytDvZzo9n+EAjj9alU0H5Q2n1PwYBjsBDO0TtYG8\nf5ZuQe1dppws8aah76AjoLDzsue+WQUYXqJnq1QV+xR64T1h7ekXL/Uvo9znxogB\nAPODewCpkPKVs3RV4waTH0xSPRTmUAXsZNE7VOU6pOFJKik/V3IXwMidx2Kkh0Yr\nVwaSmZeJiwozpL4+XW9/r/RPS5h1ULx7mXD2DKCzPOGmHfLyoQ4bSpWrbJKeQ/zl\nx0Be9YYF4P8LrQbEY9UFAoIBAQDMNfIN/uKWwp8ysg1i3T+cuKbPWmmNGHH4xRCt\nzrqfeoaOhv+AxzdZ7qSua+PupDiSEn3zB4z7Buhnm5aF14SvGixA3+ijyrikeLll\n56Anc5+dfT5hmxUt4E1cl/nlFg0YAu6MbeI95x0POCQeAjC6jSkUf5O9gLdpfujB\nWKfKFU0M+8yxxjrDshId7TkUfJ9Z/guK/cdyp+oV5OUy5k73NNK5tGWJJVdl0td4\nlVd3exnPbK5ogLzfxltMXZ4eXfugn1EMfRcPd6IlMZdoc/rONgvK7JhmXMuYL6Ot\netQGdbSEr5IzyMGcIFj4jR/FN9WJA1a7JoF/9rA5LIC+Q+THAoIBAQDiWTvxvRBA\nRql9SIpvj6/P0TISAFLzSObAUCiSqpk0Az69xcc3l9dtyXIKaiBWbLw2BCmqFp5E\nygGrdPtf8jCGSuZDaD8TYwNr1w0PO3qZAy2fOXEq1tSZUx1lBXlbDDoO3xxCIV6w\nNJtfu2ByA6mzscfGhpqySspmKcSIYuyeRQuCisQ0X3jW2mBdoa26X4zYhDms3drX\nM2mOX98IMaxdlUHTQVo+0DoSTjCSPpss0tjnb2PQMvjqTuxqsW8ydKk6sYETwbWN\nta60CJAL8hV9YT4PGpVNFmF218TYMjQASeTmvnLZSB5K9fNyEolXaEzVnKr18V37\nmQw65+TTEqqzAoIBAQChPQ7sIg6C/xR4EMIlB5CMi/eZzUd+Eoka5W5v7cTI2xOX\nQdxHsARyS81XsvR7nsrT+ynbVGDqa9/gvqaw8yRepYm/h4vGl/AGXRP19FcuD0s+\nLH+uzaaBXJN4wr6bNTgNd3MnCjQSsILvW2KZFx2mjoKbHshmXlVzRLM+xmNlWkBG\nOiK7U0te7SEE5COnm2auxboTeqGaVB6uPtcBw3siEWE5I8jv6r4BNeLP4Qr42gfd\nEXD8LnnzLkk0GM8aJxbhEioKdFJa8hjiyS9FWB316BKTnRAP8sEGXscb2NnEZ/eq\ntH35yU+lmJznU3Z8X8OItUwr5RFnGj62Rf85O55NAoIBAD/Qorrj7+n/QhfFVOph\nG1M/CpvSpZBbtFrx/o5jNLBaXd0JHsKIt78HNXTEOPvEykd8YvbGS7bfMRtS7vA9\nCvtBsKu+f1IK71L/HXp27XioUbt7aXGHggb8TORHZ9CIoPHCa2glmlmZa1jRLj7W\n04iLDeTl3EV6Gpg1HGjLYyS4GKekUe7mH96LUPH0/FL4T3BXzx7yqZlUsGTomKvp\nvUvhId7apQPilwzEKKOCrSM1CtwtJnnzdQQyXisyfUQ/adrXYqncSkB6wZeWdm43\nwWFJAkMl3oQOVEo6SRAfD1QpgTSg6yZhU9EUiJ9XpIsVJ9xtwDF47GNb4fvVl0j/\nEUsCggEBALIGSmCuOySnnsulV2Vkw4fPoWubHvyHM8qz7Fobt1J6CY4apfLSW2ce\nHKS9AuLmXNMl9wAYIEz8p2tacY41z+Q4UNptmpRHf8Ia7OD2N3LlGIFuZenxkwnC\niLsf+Uyc3swU93ZnCyU5ch5eGTnaMM/Ji7317wfbnF6/InlmaeftVQ/SDA8fpmbj\n8Kwv5zbTgbSgGhKfZxZr4QF+i19sbXgz9M28cOgmhOsLWDa9sMHfKldafqlzf0kH\nSDwHEmoaR2+avA08L+9USB3gzKkAH5AmVH2KhK5j4iy6Um2lgaO7jGNJMlhX/cd9\nXVzv/fMe86gvcBPeMYeCmbnJiS1fqEc=\n-----END PRIVATE KEY-----\n",
            "public_key_fingerprint_md5": "66:58:6c:ae:37:d9:c5:1e:c0:03:76:6a:0f:b5:6d:9d",
            "public_key_fingerprint_sha256": "SHA256:VzOGarU1RkKd3QdS+WZW5rE3lut7qceKgg+kZ8Cc3xE",
            "public_key_openssh": "ssh-rsa AAAAB3NzaC1yc2EAAAADAQABAAACAQC0js5CxkSJIrbHVbvBSR7T5p0fTGgymYRX0zsFt5fOdOFh5gXaRPbTSdbwyH7LhJeMSQ2VcVtTp+lr2HYphoxSg9rskYGmUpYjBXtT+291q3HqQES637ZtMXO3E+Xac5llQGjpXLAGmQY/XgmSfM7IgcUMEuBOseXapS3YtrrhRZ0cZzPdwkTqtVFFbac4VvJmaFqpPJiZbVryAIq8b3HYaGF4ld7IHkFNdHfYsVTc8zRcRgxLki4XAF9pcT97uCjm+0I5mgxQEMnPoysV1EFudDI9DQRNgOJz/ke9qeYUovyTDoFUVBZgx1MbHikspn+E+sAeg56t5PZjslNv/UMByQIG32uikUvddSRmQvpt+707DA9NVtJAvf69XjwHQxuvsXaPFOMfc2P3sen1Wi3EWZKegBBTXjvdOCmfBjpHU6ke4B76zHqiy6SFjex8GyYPpMzoGc7gwFWWan4KfSFC8QC55Dq6Dl5rNHOca56PEjZ6ACC7F2UaMW8lIim3CoMxokSgr7iPIoB2eBN6I4KH+ANchqntu8Yv8l0AXw/BmT792QF5+CbkJkV98b/xDXuJLWgntsTmJFHvu6nMNwqlLaAvFOQEeh21Ivy3zPaswjLuGpu5b8CoVACMhjVuC/IvF/4fPbckEh+BlGdwfZwE+qJ+vqF1vplOZETwOmMdJQ==\n",
            "public_key_pem": "-----BEGIN PUBLIC KEY-----\nMIICIjANBgkqhkiG9w0BAQEFAAOCAg8AMIICCgKCAgEAtI7OQsZEiSK2x1W7wUke\n0+adH0xoMpmEV9M7BbeXznThYeYF2kT200nW8Mh+y4SXjEkNlXFbU6fpa9h2KYaM\nUoPa7JGBplKWIwV7U/tvdatx6kBEut+2bTFztxPl2nOZZUBo6VywBpkGP14JknzO\nyIHFDBLgTrHl2qUt2La64UWdHGcz3cJE6rVRRW2nOFbyZmhaqTyYmW1a8gCKvG9x\n2GhheJXeyB5BTXR32LFU3PM0XEYMS5IuFwBfaXE/e7go5vtCOZoMUBDJz6MrFdRB\nbnQyPQ0ETYDic/5HvanmFKL8kw6BVFQWYMdTGx4pLKZ/hPrAHoOereT2Y7JTb/1D\nAckCBt9ropFL3XUkZkL6bfu9OwwPTVbSQL3+vV48B0Mbr7F2jxTjH3Nj97Hp9Vot\nxFmSnoAQU1473TgpnwY6R1OpHuAe+sx6osukhY3sfBsmD6TM6BnO4MBVlmp+Cn0h\nQvEAueQ6ug5eazRznGuejxI2egAguxdlGjFvJSIptwqDMaJEoK+4jyKAdngTeiOC\nh/gDXIap7bvGL/JdAF8PwZk+/dkBefgm5CZFffG/8Q17iS1oJ7bE5iRR77upzDcK\npS2gLxTkBHodtSL8t8z2rMIy7hqbuW/AqFQAjIY1bgvyLxf+Hz23JBIfgZRncH2c\nBPqifr6hdb6ZTmRE8DpjHSUCAwEAAQ==\n-----END PUBLIC KEY-----\n",
            "rsa_bits": 4096
          },
          "sensitive_attributes": []
        }
      ]
    },
    {
      "module": "module.cert",
      "mode": "managed",
      "type": "tls_self_signed_cert",
      "name": "cert",
      "provider": "provider[\"registry.terraform.io/hashicorp/tls\"]",
      "instances": [
        {
          "schema_version": 0,
          "attributes": {
            "allowed_uses": [
              "digital_signature",
              "content_commitment",
              "key_encipherment",
              "data_encipherment",
              "key_agreement",
              "cert_signing",
              "crl_signing",
              "encipher_only",
              "decipher_only",
              "any_extended",
              "server_auth",
              "client_auth",
              "code_signing",
              "email_protection",
              "ipsec_end_system",
              "ipsec_tunnel",
              "ipsec_user",
              "timestamping",
              "ocsp_signing",
              "microsoft_server_gated_crypto",
              "netscape_server_gated_crypto"
            ],
            "cert_pem": "-----BEGIN CERTIFICATE-----\nMIIFkDCCA3igAwIBAgIQEOqLPeDpvUVnt0wWPHwMtTANBgkqhkiG9w0BAQsFADAw\nMRYwFAYDVQQKEw1zZWFsZWQtc2VjcmV0MRYwFAYDVQQDEw1zZWFsZWQtc2VjcmV0\nMB4XDTIyMTAxNzA1MDY1NloXDTIzMTAxNzA1MDY1NlowMDEWMBQGA1UEChMNc2Vh\nbGVkLXNlY3JldDEWMBQGA1UEAxMNc2VhbGVkLXNlY3JldDCCAiIwDQYJKoZIhvcN\nAQEBBQADggIPADCCAgoCggIBALSOzkLGRIkitsdVu8FJHtPmnR9MaDKZhFfTOwW3\nl8504WHmBdpE9tNJ1vDIfsuEl4xJDZVxW1On6WvYdimGjFKD2uyRgaZSliMFe1P7\nb3WrcepARLrftm0xc7cT5dpzmWVAaOlcsAaZBj9eCZJ8zsiBxQwS4E6x5dqlLdi2\nuuFFnRxnM93CROq1UUVtpzhW8mZoWqk8mJltWvIAirxvcdhoYXiV3sgeQU10d9ix\nVNzzNFxGDEuSLhcAX2lxP3u4KOb7QjmaDFAQyc+jKxXUQW50Mj0NBE2A4nP+R72p\n5hSi/JMOgVRUFmDHUxseKSymf4T6wB6Dnq3k9mOyU2/9QwHJAgbfa6KRS911JGZC\n+m37vTsMD01W0kC9/r1ePAdDG6+xdo8U4x9zY/ex6fVaLcRZkp6AEFNeO904KZ8G\nOkdTqR7gHvrMeqLLpIWN7HwbJg+kzOgZzuDAVZZqfgp9IULxALnkOroOXms0c5xr\nno8SNnoAILsXZRoxbyUiKbcKgzGiRKCvuI8igHZ4E3ojgof4A1yGqe27xi/yXQBf\nD8GZPv3ZAXn4JuQmRX3xv/ENe4ktaCe2xOYkUe+7qcw3CqUtoC8U5AR6HbUi/LfM\n9qzCMu4am7lvwKhUAIyGNW4L8i8X/h89tyQSH4GUZ3B9nAT6on6+oXW+mU5kRPA6\nYx0lAgMBAAGjgaUwgaIwDwYDVR0PAQH/BAUDAwf/gDCBgAYDVR0lBHkwdwYEVR0l\nAAYIKwYBBQUHAwEGCCsGAQUFBwMCBggrBgEFBQcDAwYIKwYBBQUHAwQGCCsGAQUF\nBwMFBggrBgEFBQcDBgYIKwYBBQUHAwcGCCsGAQUFBwMIBggrBgEFBQcDCQYKKwYB\nBAGCNwoDAwYJYIZIAYb4QgQBMAwGA1UdEwEB/wQCMAAwDQYJKoZIhvcNAQELBQAD\nggIBAJK0EO/aQvVHbL9FLhx9hIVGqXFjALl5qB7H/w3aJhIsegL565+Iz8VWnmzH\nhQpmZY6cXmwm4/0mhIztOH7E+mIN0ARnk9DNMN0lUtx77hZS4rCXd+C4JjVUq4PH\nmt3WIU8IU9HVso1F+0/85goCCcLyeMhtBGseY3DZ2oADN3Aaj8xL2kFL4sZDVbJU\nplfagY/tPvTdudvBaSr1gPm1j6o8BuQn22rItrt9hrax4uLFr8w1lXF/2UcYF5Ad\nJjm0s2oz6SfKwnzQIk2iwvKLAKIiqUInVDLZRzEy+hppHosUPbLwaDiBhc2icDo9\naI9U6NXpU3XSskXk06t7ArGCCtZbG/f4tZmyhKHSokgyC/9oabrbUSxP3JVVK2K8\n4gfCZzNXZxZ38KMZNnDNOhQPLh0xH1IxquCh8Krxx7pL1+lDzvLYEXfDBX05oZQc\nfUdX3445QbSE19jGbmKn9byy5Qvos/4p/8vc1adXEWeFpmotCR3A8ct69kz8kIIQ\nz8PxOSfv0PRx7RbuJomN5UdO4vU89uahcVrDQKxpeQg/ObXGqEcKF23l6zzHfgtP\nmWAFyyFozfOUDNzLKosUwDwnhkv1xWpUg+WCiJjj9AsVudqjWbN9B4UF4ftVkYNL\n9aCRNVnrOfK8Is3YzXDGe1ou8F5f4+wu1UdLvxQb+RwtoF4+\n-----END CERTIFICATE-----\n",
            "dns_names": null,
            "early_renewal_hours": 0,
            "id": "22485469554915840307366204185627069621",
            "ip_addresses": null,
            "is_ca_certificate": false,
            "key_algorithm": "RSA",
            "private_key_pem": "-----BEGIN RSA PRIVATE KEY-----\nMIIJKQIBAAKCAgEAtI7OQsZEiSK2x1W7wUke0+adH0xoMpmEV9M7BbeXznThYeYF\n2kT200nW8Mh+y4SXjEkNlXFbU6fpa9h2KYaMUoPa7JGBplKWIwV7U/tvdatx6kBE\nut+2bTFztxPl2nOZZUBo6VywBpkGP14JknzOyIHFDBLgTrHl2qUt2La64UWdHGcz\n3cJE6rVRRW2nOFbyZmhaqTyYmW1a8gCKvG9x2GhheJXeyB5BTXR32LFU3PM0XEYM\nS5IuFwBfaXE/e7go5vtCOZoMUBDJz6MrFdRBbnQyPQ0ETYDic/5HvanmFKL8kw6B\nVFQWYMdTGx4pLKZ/hPrAHoOereT2Y7JTb/1DAckCBt9ropFL3XUkZkL6bfu9OwwP\nTVbSQL3+vV48B0Mbr7F2jxTjH3Nj97Hp9VotxFmSnoAQU1473TgpnwY6R1OpHuAe\n+sx6osukhY3sfBsmD6TM6BnO4MBVlmp+Cn0hQvEAueQ6ug5eazRznGuejxI2egAg\nuxdlGjFvJSIptwqDMaJEoK+4jyKAdngTeiOCh/gDXIap7bvGL/JdAF8PwZk+/dkB\nefgm5CZFffG/8Q17iS1oJ7bE5iRR77upzDcKpS2gLxTkBHodtSL8t8z2rMIy7hqb\nuW/AqFQAjIY1bgvyLxf+Hz23JBIfgZRncH2cBPqifr6hdb6ZTmRE8DpjHSUCAwEA\nAQKCAgAXSG76l1yRHoPZUonik85A3vUV6yFonPk+5gMvaoxN2C6UFDhe/BOkDVqF\nNCV9kvyD34u74KE5OWbVPFWIZ0xC+7PIW78PNokbvQI5QywNTW1kGqOCQYThscXN\nLuit8cgvEU42AXjFcQgoNbUgSa3Ulz9Unj6Eh1YviqtNzcptcC+hUQGUMA/5ACaZ\nwFkW38dkQ0KlniXDayGWIVHCmNBiaptfFFxlC9m55jHqJHvf/hCbcYD2YcRFvQuQ\nqkTYbFgB6RaSHPZHgNK1TsIoj3Vci+lKjBoo8FzDPl/76iO8N4RAZldxC2LTWgCy\nd4Ixusqo2Djb9ncIz4SiOIWf5FW2drKmmrmp/GfHjWEluMfWMRscJougPbbThIak\nPb40q0j+x8rKhnuVNr30Rco3hVRww77riDpXyAxcjEUdtzgs73Aw88rQ72c6PZ/h\nAI4/WpVNB+UNp9T8GAY7AQztE7WBvH+WbkHtXaacLPGmoe+gI6Cw87LnvlkFGF6i\nZ6tUFfsUeuE9Ye3pFy/1L6Pc58aIAQDzg3sAqZDylbN0VeMGkx9MUj0U5lAF7GTR\nO1TlOqThSSopP1dyF8DIncdipIdGK1cGkpmXiYsKM6S+Pl1vf6/0T0uYdVC8e5lw\n9gygszzhph3y8qEOG0qVq2ySnkP85cdAXvWGBeD/C60GxGPVBQKCAQEAzDXyDf7i\nlsKfMrINYt0/nLimz1ppjRhx+MUQrc66n3qGjob/gMc3We6krmvj7qQ4khJ98weM\n+wboZ5uWhdeErxosQN/oo8q4pHi5ZeegJ3OfnX0+YZsVLeBNXJf55RYNGALujG3i\nPecdDzgkHgIwuo0pFH+TvYC3aX7owVinyhVNDPvMscY6w7ISHe05FHyfWf4Liv3H\ncqfqFeTlMuZO9zTSubRliSVXZdLXeJVXd3sZz2yuaIC838ZbTF2eHl37oJ9RDH0X\nD3eiJTGXaHP6zjYLyuyYZlzLmC+jrXrUBnW0hK+SM8jBnCBY+I0fxTfViQNWuyaB\nf/awOSyAvkPkxwKCAQEA4lk78b0QQEapfUiKb4+vz9EyEgBS80jmwFAokqqZNAM+\nvcXHN5fXbclyCmogVmy8NgQpqhaeRMoBq3T7X/IwhkrmQ2g/E2MDa9cNDzt6mQMt\nnzlxKtbUmVMdZQV5Www6Dt8cQiFesDSbX7tgcgOps7HHxoaaskrKZinEiGLsnkUL\ngorENF941tpgXaGtul+M2IQ5rN3a1zNpjl/fCDGsXZVB00FaPtA6Ek4wkj6bLNLY\n529j0DL46k7sarFvMnSpOrGBE8G1jbWutAiQC/IVfWE+DxqVTRZhdtfE2DI0AEnk\n5r5y2UgeSvXzchKJV2hM1Zyq9fFd+5kMOufk0xKqswKCAQEAoT0O7CIOgv8UeBDC\nJQeQjIv3mc1HfhKJGuVub+3EyNsTl0HcR7AEckvNV7L0e57K0/sp21Rg6mvf4L6m\nsPMkXqWJv4eLxpfwBl0T9fRXLg9LPix/rs2mgVyTeMK+mzU4DXdzJwo0ErCC71ti\nmRcdpo6Cmx7IZl5Vc0SzPsZjZVpARjoiu1NLXu0hBOQjp5tmrsW6E3qhmlQerj7X\nAcN7IhFhOSPI7+q+ATXiz+EK+NoH3RFw/C558y5JNBjPGicW4RIqCnRSWvIY4skv\nRVgd9egSk50QD/LBBl7HG9jZxGf3qrR9+clPpZic51N2fF/DiLVMK+URZxo+tkX/\nOTueTQKCAQA/0KK64+/p/0IXxVTqYRtTPwqb0qWQW7Ra8f6OYzSwWl3dCR7CiLe/\nBzV0xDj7xMpHfGL2xku23zEbUu7wPQr7QbCrvn9SCu9S/x16du14qFG7e2lxh4IG\n/EzkR2fQiKDxwmtoJZpZmWtY0S4+1tOIiw3k5dxFehqYNRxoy2MkuBinpFHu5h/e\ni1Dx9PxS+E9wV88e8qmZVLBk6Jir6b1L4SHe2qUD4pcMxCijgq0jNQrcLSZ583UE\nMl4rMn1EP2na12Kp3EpAesGXlnZuN8FhSQJDJd6EDlRKOkkQHw9UKYE0oOsmYVPR\nFIifV6SLFSfcbcAxeOxjW+H71ZdI/xFLAoIBAQCyBkpgrjskp57LpVdlZMOHz6Fr\nmx78hzPKs+xaG7dSegmOGqXy0ltnHhykvQLi5lzTJfcAGCBM/KdrWnGONc/kOFDa\nbZqUR3/CGuzg9jdy5RiBbmXp8ZMJwoi7H/lMnN7MFPd2ZwslOXIeXhk52jDPyYu9\n9e8H25xevyJ5Zmnn7VUP0gwPH6Zm4/CsL+c204G0oBoSn2cWa+EBfotfbG14M/TN\nvHDoJoTrC1g2vbDB3ypXWn6pc39JB0g8BxJqGkdvmrwNPC/vVEgd4MypAB+QJlR9\nioSuY+IsulJtpYGju4xjSTJYV/3HfV1c7/3zHvOoL3AT3jGHgpm5yYktX6hH\n-----END RSA PRIVATE KEY-----\n",
            "ready_for_renewal": false,
            "set_authority_key_id": false,
            "set_subject_key_id": false,
            "subject": [
              {
                "common_name": "sealed-secret",
                "country": null,
                "locality": null,
                "organization": "sealed-secret",
                "organizational_unit": null,
                "postal_code": null,
                "province": null,
                "serial_number": null,
                "street_address": null
              }
            ],
            "uris": null,
            "validity_end_time": "2023-10-17T05:06:56.509145878Z",
            "validity_period_hours": 8760,
            "validity_start_time": "2022-10-17T05:06:56.509145878Z"
          },
          "sensitive_attributes": [
            [
              {
                "type": "get_attr",
                "value": "private_key_pem"
              }
            ]
          ],
          "dependencies": [
            "module.cert.tls_private_key.generated_key"
          ]
        }
      ]
    },
    {
      "module": "module.cp-odm",
      "mode": "managed",
      "type": "null_resource",
      "name": "create_yaml",
      "provider": "provider[\"registry.terraform.io/hashicorp/null\"]",
      "instances": [
        {
          "schema_version": 0,
          "attributes": {
            "id": "7887888573970336893",
            "triggers": null
          },
          "sensitive_attributes": [],
          "private": "bnVsbA=="
        }
      ]
    },
    {
      "module": "module.cp-odm",
      "mode": "managed",
      "type": "null_resource",
      "name": "setup_gitops",
      "provider": "provider[\"registry.terraform.io/hashicorp/null\"]",
      "instances": []
    },
    {
      "module": "module.cp_catalogs",
      "mode": "managed",
      "type": "gitops_module",
      "name": "module",
      "provider": "provider[\"registry.terraform.io/cloud-native-toolkit/gitops\"]",
      "instances": []
    },
    {
      "module": "module.cp_catalogs",
      "mode": "managed",
      "type": "gitops_pull_secret",
      "name": "cp_icr_io",
      "provider": "provider[\"registry.terraform.io/cloud-native-toolkit/gitops\"]",
      "instances": []
    },
    {
      "module": "module.cp_catalogs",
      "mode": "managed",
      "type": "null_resource",
      "name": "create_yaml",
      "provider": "provider[\"registry.terraform.io/hashicorp/null\"]",
      "instances": [
        {
          "schema_version": 0,
          "attributes": {
            "id": "6935373971999878001",
            "triggers": null
          },
          "sensitive_attributes": [],
          "private": "bnVsbA=="
        }
      ]
    },
    {
      "module": "module.dev_cluster",
      "mode": "data",
      "type": "external",
      "name": "cluster_info",
      "provider": "provider[\"registry.terraform.io/hashicorp/external\"]",
      "instances": [
        {
          "schema_version": 0,
          "attributes": {
            "id": "-",
            "program": [
              "bash",
              ".terraform/modules/dev_cluster/scripts/get-cluster-info.sh"
            ],
            "query": {
              "bin_dir": "/terraform/test/stages/bin2",
              "default_ingress": "",
              "kube_config": "/terraform/test/stages/.tmp/.kube/config"
            },
            "result": {
              "cluster_id": "cbvs4jsd0asau2dhhmgg",
              "cluster_version": "4.8.49",
              "ingress_subdomain": "itzroks-6610032xdk-ulyvtk-6ccd7f378ae819553d37d5f2ee142bd6-0000.us-south.containers.appdomain.cloud",
              "ocp_id": "98368b59-0609-4b46-b3e4-165329edb26a",
              "tls_secret": "itzroks-6610032xdk-ulyvtk-6ccd7f378ae819553d37d5f2ee142bd6-0000"
            },
            "working_dir": null
          },
          "sensitive_attributes": []
        }
      ]
    },
    {
      "module": "module.dev_cluster",
      "mode": "data",
      "type": "external",
      "name": "ibmcloud_login",
      "provider": "provider[\"registry.terraform.io/hashicorp/external\"]",
      "instances": [
        {
          "schema_version": 0,
          "attributes": {
            "id": "-",
            "program": [
              "bash",
              ".terraform/modules/dev_cluster/scripts/ibmcloud-login.sh"
            ],
            "query": {
              "bin_dir": "/terraform/test/stages/bin2",
              "kube_config": "/terraform/test/stages/.tmp/.kube/config",
              "password": "",
              "serverUrl": "https://c130-e.us-south.containers.cloud.ibm.com:32633",
              "skip": "false",
              "tmp_dir": "/terraform/test/stages/.tmp/cluster",
              "token": "sha256~LN7lOag4V9AFJbPCWqbX9NK9hXoJ5y1vgDLlRDFBRuM",
              "username": "apikey"
            },
            "result": {
              "kube_config": "/terraform/test/stages/.tmp/.kube/config",
              "password": "",
              "serverUrl": "https://c130-e.us-south.containers.cloud.ibm.com:32633",
              "skip": "false",
              "token": "sha256~LN7lOag4V9AFJbPCWqbX9NK9hXoJ5y1vgDLlRDFBRuM",
              "username": "apikey"
            },
            "working_dir": null
          },
          "sensitive_attributes": [
            [
              {
                "type": "get_attr",
                "value": "query"
              },
              {
                "type": "index",
                "value": {
                  "value": "password",
                  "type": "string"
                }
              }
            ],
            [
              {
                "type": "get_attr",
                "value": "query"
              },
              {
                "type": "index",
                "value": {
                  "value": "token",
                  "type": "string"
                }
              }
            ]
          ]
        }
      ]
    },
    {
      "module": "module.dev_cluster",
      "mode": "data",
      "type": "external",
      "name": "oc_login",
      "provider": "provider[\"registry.terraform.io/hashicorp/external\"]",
      "instances": [
        {
          "schema_version": 0,
          "attributes": {
            "id": "-",
            "program": [
              "bash",
              ".terraform/modules/dev_cluster/scripts/oc-login.sh"
            ],
            "query": {
              "bin_dir": "/terraform/test/stages/bin2",
              "ca_cert": "",
              "kube_config": "/terraform/test/stages/.tmp/.kube/config",
              "password": "",
              "serverUrl": "https://c130-e.us-south.containers.cloud.ibm.com:32633",
              "skip": "false",
              "tmp_dir": "/terraform/test/stages/.tmp/cluster",
              "token": "sha256~LN7lOag4V9AFJbPCWqbX9NK9hXoJ5y1vgDLlRDFBRuM",
              "username": "apikey"
            },
            "result": {
              "kube_config": "/terraform/test/stages/.tmp/.kube/config",
              "message": "success",
              "password": "",
              "serverUrl": "https://c130-e.us-south.containers.cloud.ibm.com:32633",
              "status": "success",
              "token": "sha256~LN7lOag4V9AFJbPCWqbX9NK9hXoJ5y1vgDLlRDFBRuM",
              "username": "apikey"
            },
            "working_dir": null
          },
          "sensitive_attributes": []
        }
      ]
    },
    {
      "module": "module.dev_cluster.module.setup_clis",
      "mode": "data",
      "type": "external",
      "name": "setup-binaries",
      "provider": "provider[\"registry.terraform.io/hashicorp/external\"]",
      "instances": [
        {
          "schema_version": 0,
          "attributes": {
            "id": "-",
            "program": [
              "bash",
              ".terraform/modules/dev_cluster.setup_clis/scripts/setup-binaries.sh"
            ],
            "query": {
              "bin_dir": "/terraform/test/stages/bin2",
              "clis": "jq,oc,ibmcloud-ks",
              "uuid": "fjlscvzrjscmpjbi"
            },
            "result": {
              "bin_dir": "/terraform/test/stages/bin2",
              "message": "success",
              "status": "success",
              "type": ""
            },
            "working_dir": null
          },
          "sensitive_attributes": []
        }
      ]
    },
    {
      "module": "module.dev_cluster.module.setup_clis",
      "mode": "managed",
      "type": "null_resource",
      "name": "print",
      "provider": "provider[\"registry.terraform.io/hashicorp/null\"]",
      "instances": [
        {
          "schema_version": 0,
          "attributes": {
            "id": "2168688498074984604",
            "triggers": null
          },
          "sensitive_attributes": [],
          "private": "bnVsbA=="
        }
      ]
    },
    {
      "module": "module.dev_cluster.module.setup_clis",
      "mode": "managed",
      "type": "random_string",
      "name": "uuid",
      "provider": "provider[\"registry.terraform.io/hashicorp/random\"]",
      "instances": [
        {
          "schema_version": 2,
          "attributes": {
            "id": "fjlscvzrjscmpjbi",
            "keepers": null,
            "length": 16,
            "lower": true,
            "min_lower": 0,
            "min_numeric": 0,
            "min_special": 0,
            "min_upper": 0,
            "number": false,
            "numeric": false,
            "override_special": null,
            "result": "fjlscvzrjscmpjbi",
            "special": false,
            "upper": false
          },
          "sensitive_attributes": []
        }
      ]
    },
    {
      "module": "module.dev_software_olm",
      "mode": "managed",
      "type": "null_resource",
      "name": "deploy_operator_lifecycle_manager",
      "provider": "provider[\"registry.terraform.io/hashicorp/null\"]",
      "instances": [
        {
          "schema_version": 0,
          "attributes": {
            "id": "7073004172345526074",
            "triggers": {
              "CLUSTER_TYPE": "ocp4",
              "CLUSTER_VERSION": "",
              "KUBECONFIG": "/terraform/test/stages/.tmp/.kube/config",
              "OLM_VERSION": "0.15.1"
            }
          },
          "sensitive_attributes": [],
          "private": "bnVsbA==",
          "dependencies": [
            "module.dev_cluster.data.external.cluster_info",
            "module.dev_cluster.data.external.ibmcloud_login",
            "module.dev_cluster.data.external.oc_login",
            "module.dev_cluster.module.setup_clis.data.external.setup-binaries",
            "module.dev_cluster.module.setup_clis.null_resource.print",
            "module.dev_cluster.module.setup_clis.random_string.uuid"
          ]
        }
      ]
    },
    {
      "module": "module.gitops",
      "mode": "data",
      "type": "external",
      "name": "cert",
      "provider": "provider[\"registry.terraform.io/hashicorp/external\"]",
      "instances": [
        {
          "schema_version": 0,
          "attributes": {
            "id": "-",
            "program": [
              "bash",
              ".terraform/modules/gitops/scripts/read-cert.sh"
            ],
            "query": {
              "bin_dir": "/terraform/test/stages/bin2",
              "repo": "github.com/brahm-cp4ba/cp4ba-repo-odm.git",
              "tmp_dir": "/terraform/test/stages/.tmp/gitops-repo",
              "token": "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",
              "username": "brahmsingh"
            },
            "result": {
              "cert": "-----BEGIN CERTIFICATE-----\nMIIFkDCCA3igAwIBAgIQEOqLPeDpvUVnt0wWPHwMtTANBgkqhkiG9w0BAQsFADAw\nMRYwFAYDVQQKEw1zZWFsZWQtc2VjcmV0MRYwFAYDVQQDEw1zZWFsZWQtc2VjcmV0\nMB4XDTIyMTAxNzA1MDY1NloXDTIzMTAxNzA1MDY1NlowMDEWMBQGA1UEChMNc2Vh\nbGVkLXNlY3JldDEWMBQGA1UEAxMNc2VhbGVkLXNlY3JldDCCAiIwDQYJKoZIhvcN\nAQEBBQADggIPADCCAgoCggIBALSOzkLGRIkitsdVu8FJHtPmnR9MaDKZhFfTOwW3\nl8504WHmBdpE9tNJ1vDIfsuEl4xJDZVxW1On6WvYdimGjFKD2uyRgaZSliMFe1P7\nb3WrcepARLrftm0xc7cT5dpzmWVAaOlcsAaZBj9eCZJ8zsiBxQwS4E6x5dqlLdi2\nuuFFnRxnM93CROq1UUVtpzhW8mZoWqk8mJltWvIAirxvcdhoYXiV3sgeQU10d9ix\nVNzzNFxGDEuSLhcAX2lxP3u4KOb7QjmaDFAQyc+jKxXUQW50Mj0NBE2A4nP+R72p\n5hSi/JMOgVRUFmDHUxseKSymf4T6wB6Dnq3k9mOyU2/9QwHJAgbfa6KRS911JGZC\n+m37vTsMD01W0kC9/r1ePAdDG6+xdo8U4x9zY/ex6fVaLcRZkp6AEFNeO904KZ8G\nOkdTqR7gHvrMeqLLpIWN7HwbJg+kzOgZzuDAVZZqfgp9IULxALnkOroOXms0c5xr\nno8SNnoAILsXZRoxbyUiKbcKgzGiRKCvuI8igHZ4E3ojgof4A1yGqe27xi/yXQBf\nD8GZPv3ZAXn4JuQmRX3xv/ENe4ktaCe2xOYkUe+7qcw3CqUtoC8U5AR6HbUi/LfM\n9qzCMu4am7lvwKhUAIyGNW4L8i8X/h89tyQSH4GUZ3B9nAT6on6+oXW+mU5kRPA6\nYx0lAgMBAAGjgaUwgaIwDwYDVR0PAQH/BAUDAwf/gDCBgAYDVR0lBHkwdwYEVR0l\nAAYIKwYBBQUHAwEGCCsGAQUFBwMCBggrBgEFBQcDAwYIKwYBBQUHAwQGCCsGAQUF\nBwMFBggrBgEFBQcDBgYIKwYBBQUHAwcGCCsGAQUFBwMIBggrBgEFBQcDCQYKKwYB\nBAGCNwoDAwYJYIZIAYb4QgQBMAwGA1UdEwEB/wQCMAAwDQYJKoZIhvcNAQELBQAD\nggIBAJK0EO/aQvVHbL9FLhx9hIVGqXFjALl5qB7H/w3aJhIsegL565+Iz8VWnmzH\nhQpmZY6cXmwm4/0mhIztOH7E+mIN0ARnk9DNMN0lUtx77hZS4rCXd+C4JjVUq4PH\nmt3WIU8IU9HVso1F+0/85goCCcLyeMhtBGseY3DZ2oADN3Aaj8xL2kFL4sZDVbJU\nplfagY/tPvTdudvBaSr1gPm1j6o8BuQn22rItrt9hrax4uLFr8w1lXF/2UcYF5Ad\nJjm0s2oz6SfKwnzQIk2iwvKLAKIiqUInVDLZRzEy+hppHosUPbLwaDiBhc2icDo9\naI9U6NXpU3XSskXk06t7ArGCCtZbG/f4tZmyhKHSokgyC/9oabrbUSxP3JVVK2K8\n4gfCZzNXZxZ38KMZNnDNOhQPLh0xH1IxquCh8Krxx7pL1+lDzvLYEXfDBX05oZQc\nfUdX3445QbSE19jGbmKn9byy5Qvos/4p/8vc1adXEWeFpmotCR3A8ct69kz8kIIQ\nz8PxOSfv0PRx7RbuJomN5UdO4vU89uahcVrDQKxpeQg/ObXGqEcKF23l6zzHfgtP\nmWAFyyFozfOUDNzLKosUwDwnhkv1xWpUg+WCiJjj9AsVudqjWbN9B4UF4ftVkYNL\n9aCRNVnrOfK8Is3YzXDGe1ou8F5f4+wu1UdLvxQb+RwtoF4+\n-----END CERTIFICATE-----\n\n"
            },
            "working_dir": null
          },
          "sensitive_attributes": [
            [
              {
                "type": "get_attr",
                "value": "query"
              },
              {
                "type": "index",
                "value": {
                  "value": "token",
                  "type": "string"
                }
              }
            ]
          ]
        }
      ]
    },
    {
      "module": "module.gitops",
      "mode": "managed",
      "type": "null_resource",
      "name": "initialize_gitops",
      "provider": "provider[\"registry.terraform.io/hashicorp/null\"]",
      "instances": [
        {
          "schema_version": 0,
          "attributes": {
            "id": "2211556468461430886",
            "triggers": null
          },
          "sensitive_attributes": [],
          "private": "bnVsbA==",
          "dependencies": [
            "module.cert.tls_private_key.generated_key",
            "module.cert.tls_self_signed_cert.cert",
            "module.gitops.module.gitops-repo.data.external.repo_info",
            "module.gitops.module.gitops-repo.module.setup_clis.data.external.setup-binaries",
            "module.gitops.module.gitops-repo.module.setup_clis.null_resource.print",
            "module.gitops.module.gitops-repo.module.setup_clis.random_string.uuid",
            "module.gitops.module.gitops-repo.null_resource.repo",
            "module.gitops.module.gitops-repo.random_id.module_uuid",
            "module.gitops.module.setup_clis.data.external.setup-binaries",
            "module.gitops.module.setup_clis.null_resource.print",
            "module.gitops.module.setup_clis.random_string.uuid"
          ]
        }
      ]
    },
    {
      "module": "module.gitops-bootstrap",
      "mode": "data",
      "type": "clis_check",
      "name": "clis",
      "provider": "provider[\"registry.terraform.io/cloud-native-toolkit/clis\"]",
      "instances": [
        {
          "schema_version": 0,
          "attributes": {
            "bin_dir": "bin",
            "clis": [
              "helm",
              "jq",
              "argocd",
              "kubectl",
              "oc"
            ],
            "id": "clis:yq:jq:igc:kubeseal:oc:helm:argocd:kubectl"
          },
          "sensitive_attributes": []
        }
      ]
    },
    {
      "module": "module.gitops-bootstrap",
      "mode": "data",
      "type": "external",
      "name": "argocd_config",
      "provider": "provider[\"registry.terraform.io/hashicorp/external\"]",
      "instances": [
        {
          "schema_version": 0,
          "attributes": {
            "id": "-",
            "program": [
              "bash",
              ".terraform/modules/gitops-bootstrap/scripts/get-argocd-config.sh"
            ],
            "query": {
              "bin_dir": "bin",
              "kube_config": "/terraform/test/stages/.tmp/.kube/config",
              "namespace": "openshift-gitops"
            },
            "result": {
              "host": "openshift-gitops-server-openshift-gitops.itzroks-6610032xdk-ulyvtk-6ccd7f378ae819553d37d5f2ee142bd6-0000.us-south.containers.appdomain.cloud",
              "password": "kMNrBD4W7JowaK5ltYfx9GcROFhny2Im",
              "user": "admin"
            },
            "working_dir": null
          },
          "sensitive_attributes": []
        }
      ]
    },
    {
      "module": "module.gitops-bootstrap",
      "mode": "managed",
      "type": "null_resource",
      "name": "bootstrap_argocd",
      "provider": "provider[\"registry.terraform.io/hashicorp/null\"]",
      "instances": [
        {
          "schema_version": 0,
          "attributes": {
            "id": "8906742761689916848",
            "triggers": {
              "argocd_host": "openshift-gitops-server-openshift-gitops.itzroks-6610032xdk-ulyvtk-6ccd7f378ae819553d37d5f2ee142bd6-0000.us-south.containers.appdomain.cloud",
              "argocd_password": "kMNrBD4W7JowaK5ltYfx9GcROFhny2Im",
              "argocd_user": "admin",
              "bin_dir": "bin",
              "delete_app": "true",
              "git_ca_cert": "",
              "git_repo": "https://github.com/brahm-cp4ba/cp4ba-repo-odm.git",
              "git_token": "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",
              "kubeconfig": "/terraform/test/stages/.tmp/.kube/config",
              "namespace": "openshift-gitops",
              "prefix": ""
            }
          },
          "sensitive_attributes": [
            [
              {
                "type": "get_attr",
                "value": "triggers"
              },
              {
                "type": "index",
                "value": {
                  "value": "git_token",
                  "type": "string"
                }
              }
            ]
          ],
          "private": "bnVsbA==",
          "dependencies": [
            "module.cert.tls_private_key.generated_key",
            "module.cert.tls_self_signed_cert.cert",
            "module.dev_cluster.data.external.ibmcloud_login",
            "module.dev_cluster.data.external.oc_login",
            "module.dev_cluster.module.setup_clis.data.external.setup-binaries",
            "module.dev_cluster.module.setup_clis.null_resource.print",
            "module.dev_cluster.module.setup_clis.random_string.uuid",
            "module.gitops-bootstrap.data.clis_check.clis",
            "module.gitops-bootstrap.data.external.argocd_config",
            "module.gitops-bootstrap.null_resource.create_tls_secret",
            "module.gitops-bootstrap.random_string.suffix",
            "module.gitops.module.gitops-repo.data.external.repo_info",
            "module.gitops.module.gitops-repo.module.setup_clis.data.external.setup-binaries",
            "module.gitops.module.gitops-repo.module.setup_clis.null_resource.print",
            "module.gitops.module.gitops-repo.module.setup_clis.random_string.uuid",
            "module.gitops.module.gitops-repo.null_resource.repo",
            "module.gitops.module.gitops-repo.random_id.module_uuid",
            "module.gitops.module.setup_clis.data.external.setup-binaries",
            "module.gitops.module.setup_clis.null_resource.print",
            "module.gitops.module.setup_clis.random_string.uuid",
            "module.gitops.null_resource.initialize_gitops"
          ]
        }
      ]
    },
    {
      "module": "module.gitops-bootstrap",
      "mode": "managed",
      "type": "null_resource",
      "name": "create_tls_secret",
      "provider": "provider[\"registry.terraform.io/hashicorp/null\"]",
      "instances": [
        {
          "schema_version": 0,
          "attributes": {
            "id": "9183390168454738293",
            "triggers": {
              "bin_dir": "bin",
              "kubeconfig": "/terraform/test/stages/.tmp/.kube/config",
              "namespace": "sealed-secrets",
              "secret_name": "custom-sealed-secret-6kyajq"
            }
          },
          "sensitive_attributes": [],
          "private": "bnVsbA==",
          "dependencies": [
            "module.cert.tls_private_key.generated_key",
            "module.cert.tls_self_signed_cert.cert",
            "module.dev_cluster.data.external.ibmcloud_login",
            "module.dev_cluster.data.external.oc_login",
            "module.dev_cluster.module.setup_clis.data.external.setup-binaries",
            "module.dev_cluster.module.setup_clis.null_resource.print",
            "module.dev_cluster.module.setup_clis.random_string.uuid",
            "module.gitops-bootstrap.data.clis_check.clis",
            "module.gitops-bootstrap.random_string.suffix"
          ]
        }
      ]
    },
    {
      "module": "module.gitops-bootstrap",
      "mode": "managed",
      "type": "null_resource",
      "name": "create_webhook",
      "provider": "provider[\"registry.terraform.io/hashicorp/null\"]",
      "instances": []
    },
    {
      "module": "module.gitops-bootstrap",
      "mode": "managed",
      "type": "random_string",
      "name": "suffix",
      "provider": "provider[\"registry.terraform.io/hashicorp/random\"]",
      "instances": [
        {
          "schema_version": 2,
          "attributes": {
            "id": "6kyajq",
            "keepers": null,
            "length": 6,
            "lower": true,
            "min_lower": 0,
            "min_numeric": 0,
            "min_special": 0,
            "min_upper": 0,
            "number": true,
            "numeric": true,
            "override_special": null,
            "result": "6kyajq",
            "special": false,
            "upper": false
          },
          "sensitive_attributes": []
        }
      ]
    },
    {
      "module": "module.gitops.module.gitops-repo",
      "mode": "data",
      "type": "external",
      "name": "repo_info",
      "provider": "provider[\"registry.terraform.io/hashicorp/external\"]",
      "instances": [
        {
          "schema_version": 0,
          "attributes": {
            "id": "-",
            "program": [
              "bash",
              ".terraform/modules/gitops.gitops-repo/scripts/get-repo-url.sh"
            ],
            "query": {
              "bin_dir": "/terraform/test/stages/bin2",
              "host": "github.com",
              "org": "brahm-cp4ba",
              "project": "",
              "repo": "cp4ba-repo-odm",
              "token": "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",
              "username": "brahmsingh"
            },
            "result": {
              "uri": "github.com/brahm-cp4ba/cp4ba-repo-odm.git",
              "url": "https://github.com/brahm-cp4ba/cp4ba-repo-odm.git"
            },
            "working_dir": null
          },
          "sensitive_attributes": [
            [
              {
                "type": "get_attr",
                "value": "query"
              },
              {
                "type": "index",
                "value": {
                  "value": "token",
                  "type": "string"
                }
              }
            ]
          ]
        }
      ]
    },
    {
      "module": "module.gitops.module.gitops-repo",
      "mode": "managed",
      "type": "null_resource",
      "name": "repo",
      "provider": "provider[\"registry.terraform.io/hashicorp/null\"]",
      "instances": [
        {
          "schema_version": 0,
          "attributes": {
            "id": "5426480942095053763",
            "triggers": {
              "BIN_DIR": "/terraform/test/stages/bin2",
              "DEBUG": "false",
              "GIT_PROJECT": "",
              "HOST": "github.com",
              "MODULE_ID": "Q0yJccqI0oMh-7nr",
              "ORG": "brahm-cp4ba",
              "REPO": "cp4ba-repo-odm",
              "TMP_DIR": "/terraform/test/stages/.tmp/git-repo",
              "TOKEN": "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",
              "USERNAME": "brahmsingh"
            }
          },
          "sensitive_attributes": [
            [
              {
                "type": "get_attr",
                "value": "triggers"
              },
              {
                "type": "index",
                "value": {
                  "value": "TOKEN",
                  "type": "string"
                }
              }
            ]
          ],
          "private": "bnVsbA==",
          "dependencies": [
            "module.gitops.module.gitops-repo.module.setup_clis.data.external.setup-binaries",
            "module.gitops.module.gitops-repo.module.setup_clis.null_resource.print",
            "module.gitops.module.gitops-repo.module.setup_clis.random_string.uuid",
            "module.gitops.module.gitops-repo.random_id.module_uuid"
          ]
        }
      ]
    },
    {
      "module": "module.gitops.module.gitops-repo",
      "mode": "managed",
      "type": "random_id",
      "name": "module_uuid",
      "provider": "provider[\"registry.terraform.io/hashicorp/random\"]",
      "instances": [
        {
          "schema_version": 0,
          "attributes": {
            "b64_std": "Q0yJccqI0oMh+7nr",
            "b64_url": "Q0yJccqI0oMh-7nr",
            "byte_length": 12,
            "dec": "20828023083605210945558395371",
            "hex": "434c8971ca88d28321fbb9eb",
            "id": "Q0yJccqI0oMh-7nr",
            "keepers": null,
            "prefix": null
          },
          "sensitive_attributes": []
        }
      ]
    },
    {
      "module": "module.gitops.module.gitops-repo.module.setup_clis",
      "mode": "data",
      "type": "external",
      "name": "setup-binaries",
      "provider": "provider[\"registry.terraform.io/hashicorp/external\"]",
      "instances": [
        {
          "schema_version": 0,
          "attributes": {
            "id": "-",
            "program": [
              "bash",
              ".terraform/modules/gitops.gitops-repo.setup_clis/scripts/setup-binaries.sh"
            ],
            "query": {
              "bin_dir": "/terraform/test/stages/bin2",
              "clis": "jq,gitu",
              "uuid": "owhmlpmjhxnoscck"
            },
            "result": {
              "bin_dir": "/terraform/test/stages/bin2",
              "message": "success",
              "status": "success",
              "type": ""
            },
            "working_dir": null
          },
          "sensitive_attributes": []
        }
      ]
    },
    {
      "module": "module.gitops.module.gitops-repo.module.setup_clis",
      "mode": "managed",
      "type": "null_resource",
      "name": "print",
      "provider": "provider[\"registry.terraform.io/hashicorp/null\"]",
      "instances": [
        {
          "schema_version": 0,
          "attributes": {
            "id": "7796947928763718047",
            "triggers": null
          },
          "sensitive_attributes": [],
          "private": "bnVsbA=="
        }
      ]
    },
    {
      "module": "module.gitops.module.gitops-repo.module.setup_clis",
      "mode": "managed",
      "type": "random_string",
      "name": "uuid",
      "provider": "provider[\"registry.terraform.io/hashicorp/random\"]",
      "instances": [
        {
          "schema_version": 2,
          "attributes": {
            "id": "owhmlpmjhxnoscck",
            "keepers": null,
            "length": 16,
            "lower": true,
            "min_lower": 0,
            "min_numeric": 0,
            "min_special": 0,
            "min_upper": 0,
            "number": false,
            "numeric": false,
            "override_special": null,
            "result": "owhmlpmjhxnoscck",
            "special": false,
            "upper": false
          },
          "sensitive_attributes": []
        }
      ]
    },
    {
      "module": "module.gitops.module.setup_clis",
      "mode": "data",
      "type": "external",
      "name": "setup-binaries",
      "provider": "provider[\"registry.terraform.io/hashicorp/external\"]",
      "instances": [
        {
          "schema_version": 0,
          "attributes": {
            "id": "-",
            "program": [
              "bash",
              ".terraform/modules/gitops.setup_clis/scripts/setup-binaries.sh"
            ],
            "query": {
              "bin_dir": "/terraform/test/stages/bin2",
              "clis": "jq,yq,gitu",
              "uuid": "calsahezfihdehrf"
            },
            "result": {
              "bin_dir": "/terraform/test/stages/bin2",
              "message": "success",
              "status": "success",
              "type": ""
            },
            "working_dir": null
          },
          "sensitive_attributes": []
        }
      ]
    },
    {
      "module": "module.gitops.module.setup_clis",
      "mode": "managed",
      "type": "null_resource",
      "name": "print",
      "provider": "provider[\"registry.terraform.io/hashicorp/null\"]",
      "instances": [
        {
          "schema_version": 0,
          "attributes": {
            "id": "3821422832619268958",
            "triggers": null
          },
          "sensitive_attributes": [],
          "private": "bnVsbA=="
        }
      ]
    },
    {
      "module": "module.gitops.module.setup_clis",
      "mode": "managed",
      "type": "random_string",
      "name": "uuid",
      "provider": "provider[\"registry.terraform.io/hashicorp/random\"]",
      "instances": [
        {
          "schema_version": 2,
          "attributes": {
            "id": "calsahezfihdehrf",
            "keepers": null,
            "length": 16,
            "lower": true,
            "min_lower": 0,
            "min_numeric": 0,
            "min_special": 0,
            "min_upper": 0,
            "number": false,
            "numeric": false,
            "override_special": null,
            "result": "calsahezfihdehrf",
            "special": false,
            "upper": false
          },
          "sensitive_attributes": []
        }
      ]
    },
    {
      "module": "module.gitops_cb4ba_operator",
      "mode": "managed",
      "type": "null_resource",
      "name": "create_pvc_yaml",
      "provider": "provider[\"registry.terraform.io/hashicorp/null\"]",
      "instances": []
    },
    {
      "module": "module.gitops_cb4ba_operator",
      "mode": "managed",
      "type": "null_resource",
      "name": "create_yaml",
      "provider": "provider[\"registry.terraform.io/hashicorp/null\"]",
      "instances": []
    },
    {
      "module": "module.gitops_cb4ba_operator",
      "mode": "managed",
      "type": "null_resource",
      "name": "setup_gitops",
      "provider": "provider[\"registry.terraform.io/hashicorp/null\"]",
      "instances": []
    },
    {
      "module": "module.gitops_cb4ba_operator",
      "mode": "managed",
      "type": "null_resource",
      "name": "setup_gitops_pvc",
      "provider": "provider[\"registry.terraform.io/hashicorp/null\"]",
      "instances": []
    },
    {
      "module": "module.gitops_cb4ba_operator.module.setup_clis",
      "mode": "data",
      "type": "external",
      "name": "setup-binaries",
      "provider": "provider[\"registry.terraform.io/hashicorp/external\"]",
      "instances": [
        {
          "schema_version": 0,
          "attributes": {
            "id": "-",
            "program": [
              "bash",
              ".terraform/modules/gitops_cb4ba_operator.setup_clis/scripts/setup-binaries.sh"
            ],
            "query": {
              "bin_dir": "/terraform/test/stages/bin2",
              "clis": "yq,jq,igc",
              "uuid": "cipuxpojkgzlkvcp"
            },
            "result": {
              "bin_dir": "/terraform/test/stages/bin2",
              "message": "success",
              "status": "success",
              "type": ""
            },
            "working_dir": null
          },
          "sensitive_attributes": []
        }
      ]
    },
    {
      "module": "module.gitops_cb4ba_operator.module.setup_clis",
      "mode": "managed",
      "type": "null_resource",
      "name": "print",
      "provider": "provider[\"registry.terraform.io/hashicorp/null\"]",
      "instances": [
        {
          "schema_version": 0,
          "attributes": {
            "id": "7197119713354010858",
            "triggers": null
          },
          "sensitive_attributes": [],
          "private": "bnVsbA=="
        }
      ]
    },
    {
      "module": "module.gitops_cb4ba_operator.module.setup_clis",
      "mode": "managed",
      "type": "random_string",
      "name": "uuid",
      "provider": "provider[\"registry.terraform.io/hashicorp/random\"]",
      "instances": [
        {
          "schema_version": 2,
          "attributes": {
            "id": "cipuxpojkgzlkvcp",
            "keepers": null,
            "length": 16,
            "lower": true,
            "min_lower": 0,
            "min_numeric": 0,
            "min_special": 0,
            "min_upper": 0,
            "number": false,
            "numeric": false,
            "override_special": null,
            "result": "cipuxpojkgzlkvcp",
            "special": false,
            "upper": false
          },
          "sensitive_attributes": []
        }
      ]
    },
    {
      "module": "module.gitops_entitle_pull_secret",
      "mode": "managed",
      "type": "null_resource",
      "name": "create_secret",
      "provider": "provider[\"registry.terraform.io/hashicorp/null\"]",
      "instances": []
    },
    {
      "module": "module.gitops_entitle_pull_secret",
      "mode": "managed",
      "type": "null_resource",
      "name": "setup_gitops",
      "provider": "provider[\"registry.terraform.io/hashicorp/null\"]",
      "instances": []
    },
    {
      "module": "module.gitops_entitle_pull_secret.module.setup_clis",
      "mode": "data",
      "type": "external",
      "name": "setup-binaries",
      "provider": "provider[\"registry.terraform.io/hashicorp/external\"]",
      "instances": [
        {
          "schema_version": 0,
          "attributes": {
            "id": "-",
            "program": [
              "bash",
              ".terraform/modules/gitops_entitle_pull_secret.setup_clis/scripts/setup-binaries.sh"
            ],
            "query": {
              "bin_dir": "/terraform/test/stages/bin2",
              "clis": "jq,kubectl,igc",
              "uuid": "oxnbdytmgbeahrwv"
            },
            "result": {
              "bin_dir": "/terraform/test/stages/bin2",
              "message": "success",
              "status": "success",
              "type": ""
            },
            "working_dir": null
          },
          "sensitive_attributes": []
        }
      ]
    },
    {
      "module": "module.gitops_entitle_pull_secret.module.setup_clis",
      "mode": "managed",
      "type": "null_resource",
      "name": "print",
      "provider": "provider[\"registry.terraform.io/hashicorp/null\"]",
      "instances": [
        {
          "schema_version": 0,
          "attributes": {
            "id": "7889940510863875131",
            "triggers": null
          },
          "sensitive_attributes": [],
          "private": "bnVsbA=="
        }
      ]
    },
    {
      "module": "module.gitops_entitle_pull_secret.module.setup_clis",
      "mode": "managed",
      "type": "random_string",
      "name": "uuid",
      "provider": "provider[\"registry.terraform.io/hashicorp/random\"]",
      "instances": [
        {
          "schema_version": 2,
          "attributes": {
            "id": "oxnbdytmgbeahrwv",
            "keepers": null,
            "length": 16,
            "lower": true,
            "min_lower": 0,
            "min_numeric": 0,
            "min_special": 0,
            "min_upper": 0,
            "number": false,
            "numeric": false,
            "override_special": null,
            "result": "oxnbdytmgbeahrwv",
            "special": false,
            "upper": false
          },
          "sensitive_attributes": []
        }
      ]
    },
    {
      "module": "module.gitops_namespace",
      "mode": "managed",
      "type": "null_resource",
      "name": "create_yaml",
      "provider": "provider[\"registry.terraform.io/hashicorp/null\"]",
      "instances": [
        {
          "schema_version": 0,
          "attributes": {
            "id": "8613332248534952060",
            "triggers": null
          },
          "sensitive_attributes": [],
          "private": "bnVsbA==",
          "dependencies": [
            "module.gitops_namespace.module.setup_clis.data.external.setup-binaries",
            "module.gitops_namespace.module.setup_clis.null_resource.print",
            "module.gitops_namespace.module.setup_clis.random_string.uuid"
          ]
        }
      ]
    },
    {
      "module": "module.gitops_namespace",
      "mode": "managed",
      "type": "null_resource",
      "name": "setup_gitops",
      "provider": "provider[\"registry.terraform.io/hashicorp/null\"]",
      "instances": [
        {
          "schema_version": 0,
          "attributes": {
            "id": "5720508979775166554",
            "triggers": {
              "bin_dir": "/terraform/test/stages/bin2",
              "chart_version": "0.2.0",
              "git_credentials": "- \"repo\": \"github.com/brahm-cp4ba/cp4ba-repo-odm.git\"\n  \"token\": \"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\"\n  \"url\": \"https://github.com/brahm-cp4ba/cp4ba-repo-odm.git\"\n  \"username\": \"brahmsingh\"\n",
              "gitops_config": "\"applications\":\n  \"argocd-config\":\n    \"path\": \"argocd/3-applications\"\n    \"project\": \"3-applications\"\n    \"repo\": \"github.com/brahm-cp4ba/cp4ba-repo-odm.git\"\n    \"url\": \"https://github.com/brahm-cp4ba/cp4ba-repo-odm.git\"\n  \"payload\":\n    \"path\": \"payload/3-applications\"\n    \"repo\": \"github.com/brahm-cp4ba/cp4ba-repo-odm.git\"\n    \"url\": \"https://github.com/brahm-cp4ba/cp4ba-repo-odm.git\"\n\"boostrap\":\n  \"argocd-config\":\n    \"path\": \"argocd/0-bootstrap\"\n    \"project\": \"0-bootstrap\"\n    \"repo\": \"github.com/brahm-cp4ba/cp4ba-repo-odm.git\"\n    \"url\": \"https://github.com/brahm-cp4ba/cp4ba-repo-odm.git\"\n\"infrastructure\":\n  \"argocd-config\":\n    \"path\": \"argocd/1-infrastructure\"\n    \"project\": \"1-infrastructure\"\n    \"repo\": \"github.com/brahm-cp4ba/cp4ba-repo-odm.git\"\n    \"url\": \"https://github.com/brahm-cp4ba/cp4ba-repo-odm.git\"\n  \"payload\":\n    \"path\": \"payload/1-infrastructure\"\n    \"repo\": \"github.com/brahm-cp4ba/cp4ba-repo-odm.git\"\n    \"url\": \"https://github.com/brahm-cp4ba/cp4ba-repo-odm.git\"\n\"services\":\n  \"argocd-config\":\n    \"path\": \"argocd/2-services\"\n    \"project\": \"2-services\"\n    \"repo\": \"github.com/brahm-cp4ba/cp4ba-repo-odm.git\"\n    \"url\": \"https://github.com/brahm-cp4ba/cp4ba-repo-odm.git\"\n  \"payload\":\n    \"path\": \"payload/2-services\"\n    \"repo\": \"github.com/brahm-cp4ba/cp4ba-repo-odm.git\"\n    \"url\": \"https://github.com/brahm-cp4ba/cp4ba-repo-odm.git\"\n",
              "name": "cp4ba",
              "server_name": "default",
              "yaml_dir": "/terraform/test/stages/.tmp/namespace-cp4ba"
            }
          },
          "sensitive_attributes": [
            [
              {
                "type": "get_attr",
                "value": "triggers"
              },
              {
                "type": "index",
                "value": {
                  "value": "git_credentials",
                  "type": "string"
                }
              }
            ]
          ],
          "private": "bnVsbA==",
          "dependencies": [
            "module.cert.tls_private_key.generated_key",
            "module.cert.tls_self_signed_cert.cert",
            "module.gitops.module.gitops-repo.data.external.repo_info",
            "module.gitops.module.gitops-repo.module.setup_clis.data.external.setup-binaries",
            "module.gitops.module.gitops-repo.module.setup_clis.null_resource.print",
            "module.gitops.module.gitops-repo.module.setup_clis.random_string.uuid",
            "module.gitops.module.gitops-repo.null_resource.repo",
            "module.gitops.module.gitops-repo.random_id.module_uuid",
            "module.gitops.module.setup_clis.data.external.setup-binaries",
            "module.gitops.module.setup_clis.null_resource.print",
            "module.gitops.module.setup_clis.random_string.uuid",
            "module.gitops.null_resource.initialize_gitops",
            "module.gitops_namespace.module.setup_clis.data.external.setup-binaries",
            "module.gitops_namespace.module.setup_clis.null_resource.print",
            "module.gitops_namespace.module.setup_clis.random_string.uuid",
            "module.gitops_namespace.null_resource.create_yaml"
          ]
        }
      ]
    },
    {
      "module": "module.gitops_namespace.module.setup_clis",
      "mode": "data",
      "type": "external",
      "name": "setup-binaries",
      "provider": "provider[\"registry.terraform.io/hashicorp/external\"]",
      "instances": [
        {
          "schema_version": 0,
          "attributes": {
            "id": "-",
            "program": [
              "bash",
              ".terraform/modules/gitops_namespace.setup_clis/scripts/setup-binaries.sh"
            ],
            "query": {
              "bin_dir": "/terraform/test/stages/bin2",
              "clis": "yq,jq,igc",
              "uuid": "phdyaiwlnmjnibgo"
            },
            "result": {
              "bin_dir": "/terraform/test/stages/bin2",
              "message": "success",
              "status": "success",
              "type": ""
            },
            "working_dir": null
          },
          "sensitive_attributes": []
        }
      ]
    },
    {
      "module": "module.gitops_namespace.module.setup_clis",
      "mode": "managed",
      "type": "null_resource",
      "name": "print",
      "provider": "provider[\"registry.terraform.io/hashicorp/null\"]",
      "instances": [
        {
          "schema_version": 0,
          "attributes": {
            "id": "1303526929382476726",
            "triggers": null
          },
          "sensitive_attributes": [],
          "private": "bnVsbA=="
        }
      ]
    },
    {
      "module": "module.gitops_namespace.module.setup_clis",
      "mode": "managed",
      "type": "random_string",
      "name": "uuid",
      "provider": "provider[\"registry.terraform.io/hashicorp/random\"]",
      "instances": [
        {
          "schema_version": 2,
          "attributes": {
            "id": "phdyaiwlnmjnibgo",
            "keepers": null,
            "length": 16,
            "lower": true,
            "min_lower": 0,
            "min_numeric": 0,
            "min_special": 0,
            "min_upper": 0,
            "number": false,
            "numeric": false,
            "override_special": null,
            "result": "phdyaiwlnmjnibgo",
            "special": false,
            "upper": false
          },
          "sensitive_attributes": []
        }
      ]
    },
    {
      "module": "module.gitops_pull_secret",
      "mode": "managed",
      "type": "null_resource",
      "name": "create_secret",
      "provider": "provider[\"registry.terraform.io/hashicorp/null\"]",
      "instances": []
    },
    {
      "module": "module.gitops_pull_secret",
      "mode": "managed",
      "type": "null_resource",
      "name": "setup_gitops",
      "provider": "provider[\"registry.terraform.io/hashicorp/null\"]",
      "instances": []
    },
    {
      "module": "module.gitops_pull_secret.module.setup_clis",
      "mode": "data",
      "type": "external",
      "name": "setup-binaries",
      "provider": "provider[\"registry.terraform.io/hashicorp/external\"]",
      "instances": [
        {
          "schema_version": 0,
          "attributes": {
            "id": "-",
            "program": [
              "bash",
              ".terraform/modules/gitops_pull_secret.setup_clis/scripts/setup-binaries.sh"
            ],
            "query": {
              "bin_dir": "/terraform/test/stages/bin2",
              "clis": "jq,kubectl,igc",
              "uuid": "fsgczshqlataxlez"
            },
            "result": {
              "bin_dir": "/terraform/test/stages/bin2",
              "message": "success",
              "status": "success",
              "type": ""
            },
            "working_dir": null
          },
          "sensitive_attributes": []
        }
      ]
    },
    {
      "module": "module.gitops_pull_secret.module.setup_clis",
      "mode": "managed",
      "type": "null_resource",
      "name": "print",
      "provider": "provider[\"registry.terraform.io/hashicorp/null\"]",
      "instances": [
        {
          "schema_version": 0,
          "attributes": {
            "id": "5423000856457884451",
            "triggers": null
          },
          "sensitive_attributes": [],
          "private": "bnVsbA=="
        }
      ]
    },
    {
      "module": "module.gitops_pull_secret.module.setup_clis",
      "mode": "managed",
      "type": "random_string",
      "name": "uuid",
      "provider": "provider[\"registry.terraform.io/hashicorp/random\"]",
      "instances": [
        {
          "schema_version": 2,
          "attributes": {
            "id": "fsgczshqlataxlez",
            "keepers": null,
            "length": 16,
            "lower": true,
            "min_lower": 0,
            "min_numeric": 0,
            "min_special": 0,
            "min_upper": 0,
            "number": false,
            "numeric": false,
            "override_special": null,
            "result": "fsgczshqlataxlez",
            "special": false,
            "upper": false
          },
          "sensitive_attributes": []
        }
      ]
    },
    {
      "module": "module.setup_clis",
      "mode": "data",
      "type": "external",
      "name": "setup-binaries",
      "provider": "provider[\"registry.terraform.io/hashicorp/external\"]",
      "instances": [
        {
          "schema_version": 0,
          "attributes": {
            "id": "-",
            "program": [
              "bash",
              ".terraform/modules/setup_clis/scripts/setup-binaries.sh"
            ],
            "query": {
              "bin_dir": "/terraform/test/stages/bin2",
              "clis": "yq,jq,igc",
              "uuid": "apdozlsoxreslolg"
            },
            "result": {
              "bin_dir": "/terraform/test/stages/bin2",
              "message": "success",
              "status": "success",
              "type": ""
            },
            "working_dir": null
          },
          "sensitive_attributes": []
        }
      ]
    },
    {
      "module": "module.setup_clis",
      "mode": "managed",
      "type": "null_resource",
      "name": "print",
      "provider": "provider[\"registry.terraform.io/hashicorp/null\"]",
      "instances": [
        {
          "schema_version": 0,
          "attributes": {
            "id": "6146562791132241820",
            "triggers": null
          },
          "sensitive_attributes": [],
          "private": "bnVsbA=="
        }
      ]
    },
    {
      "module": "module.setup_clis",
      "mode": "managed",
      "type": "random_string",
      "name": "uuid",
      "provider": "provider[\"registry.terraform.io/hashicorp/random\"]",
      "instances": [
        {
          "schema_version": 2,
          "attributes": {
            "id": "apdozlsoxreslolg",
            "keepers": null,
            "length": 16,
            "lower": true,
            "min_lower": 0,
            "min_numeric": 0,
            "min_special": 0,
            "min_upper": 0,
            "number": false,
            "numeric": false,
            "override_special": null,
            "result": "apdozlsoxreslolg",
            "special": false,
            "upper": false
          },
          "sensitive_attributes": []
        }
      ]
    },
    {
      "module": "module.setup_test_clis",
      "mode": "data",
      "type": "external",
      "name": "setup-binaries",
      "provider": "provider[\"registry.terraform.io/hashicorp/external\"]",
      "instances": [
        {
          "schema_version": 0,
          "attributes": {
            "id": "-",
            "program": [
              "bash",
              ".terraform/modules/setup_test_clis/scripts/setup-binaries.sh"
            ],
            "query": {
              "bin_dir": "/terraform/test/stages/test_bin_dir",
              "clis": "kubectl,oc",
              "uuid": "jitkilxdntanmtkx"
            },
            "result": {
              "bin_dir": "/terraform/test/stages/test_bin_dir",
              "message": "success",
              "status": "success",
              "type": ""
            },
            "working_dir": null
          },
          "sensitive_attributes": []
        }
      ]
    },
    {
      "module": "module.setup_test_clis",
      "mode": "managed",
      "type": "null_resource",
      "name": "print",
      "provider": "provider[\"registry.terraform.io/hashicorp/null\"]",
      "instances": [
        {
          "schema_version": 0,
          "attributes": {
            "id": "4434807473019252789",
            "triggers": null
          },
          "sensitive_attributes": [],
          "private": "bnVsbA=="
        }
      ]
    },
    {
      "module": "module.setup_test_clis",
      "mode": "managed",
      "type": "random_string",
      "name": "uuid",
      "provider": "provider[\"registry.terraform.io/hashicorp/random\"]",
      "instances": [
        {
          "schema_version": 2,
          "attributes": {
            "id": "jitkilxdntanmtkx",
            "keepers": null,
            "length": 16,
            "lower": true,
            "min_lower": 0,
            "min_numeric": 0,
            "min_special": 0,
            "min_upper": 0,
            "number": false,
            "numeric": false,
            "override_special": null,
            "result": "jitkilxdntanmtkx",
            "special": false,
            "upper": false
          },
          "sensitive_attributes": []
        }
      ]
    }
  ]
}
